
Microsoft Visual Studio Solution File, Format Version 12.00
# Visual Studio Version 17
VisualStudioVersion = 17.4.33213.308
MinimumVisualStudioVersion = 10.0.40219.1
Project("{FAE04EC0-301F-11D3-BF4B-00C04F79EFBC}") = "ContactsApp.View", "ContactsApp.View\ContactsApp.View.csproj", "{444118AD-9A22-4804-87C6-F7783AD927F3}"
EndProject
Project("{FAE04EC0-301F-11D3-BF4B-00C04F79EFBC}") = "ContactsApp.Model", "ContactsApp.Model\ContactsApp.Model.csproj", "{1BEBA793-7CF2-4979-BA92-9F2AB7BB1585}"
EndProject
Project("{2150E333-8FDC-42A3-9474-1A3956D46DE8}") = "Testing", "Testing", "{4DE27AF8-4BC1-40DF-A7F9-0C80434C202E}"
EndProject
Project("{FAE04EC0-301F-11D3-BF4B-00C04F79EFBC}") = "ContactsApp.Model.UnitTests", "Testing\ContactsApp.Model.UnitTests\ContactsApp.Model.UnitTests.csproj", "{D63AC57E-51A0-4C18-86F7-364C01CA82E8}"
EndProject
Global
	GlobalSection(SolutionConfigurationPlatforms) = preSolution
		Debug|Any CPU = Debug|Any CPU
		Release|Any CPU = Release|Any CPU
	EndGlobalSection
	GlobalSection(ProjectConfigurationPlatforms) = postSolution
		{444118AD-9A22-4804-87C6-F7783AD927F3}.Debug|Any CPU.ActiveCfg = Debug|Any CPU
		{444118AD-9A22-4804-87C6-F7783AD927F3}.Debug|Any CPU.Build.0 = Debug|Any CPU
		{444118AD-9A22-4804-87C6-F7783AD927F3}.Release|Any CPU.ActiveCfg = Release|Any CPU
		{444118AD-9A22-4804-87C6-F7783AD927F3}.Release|Any CPU.Build.0 = Release|Any CPU
		{1BEBA793-7CF2-4979-BA92-9F2AB7BB1585}.Debug|Any CPU.ActiveCfg = Debug|Any CPU
		{1BEBA793-7CF2-4979-BA92-9F2AB7BB1585}.Debug|Any CPU.Build.0 = Debug|Any CPU
		{1BEBA793-7CF2-4979-BA92-9F2AB7BB1585}.Release|Any CPU.ActiveCfg = Release|Any CPU
		{1BEBA793-7CF2-4979-BA92-9F2AB7BB1585}.Release|Any CPU.Build.0 = Release|Any CPU
		{D63AC57E-51A0-4C18-86F7-364C01CA82E8}.Debug|Any CPU.ActiveCfg = Debug|Any CPU
		{D63AC57E-51A0-4C18-86F7-364C01CA82E8}.Debug|Any CPU.Build.0 = Debug|Any CPU
		{D63AC57E-51A0-4C18-86F7-364C01CA82E8}.Release|Any CPU.ActiveCfg = Release|Any CPU
		{D63AC57E-51A0-4C18-86F7-364C01CA82E8}.Release|Any CPU.Build.0 = Release|Any CPU
	EndGlobalSection
	GlobalSection(SolutionProperties) = preSolution
		HideSolutionNode = FALSE
	EndGlobalSection
	GlobalSection(NestedProjects) = preSolution
		{D63AC57E-51A0-4C18-86F7-364C01CA82E8} = {4DE27AF8-4BC1-40DF-A7F9-0C80434C202E}
	EndGlobalSection
	GlobalSection(ExtensibilityGlobals) = postSolution
		SolutionGuid = {D778889A-D9A9-4D2F-ABE3-1EC91CCADD73}
	EndGlobalSection
EndGlobal
